// !$*UTF8*$!
{
	archiveVersion = 1;
	classes = {
	};
	objectVersion = 55;
	objects = {

/* Begin PBXBuildFile section */
		033FF01B28B624900093F709 /* LoginTestApp.swift in Sources */ = {isa = PBXBuildFile; fileRef = 033FF01A28B624900093F709 /* LoginTestApp.swift */; };
		033FF01D28B624900093F709 /* LoginView.swift in Sources */ = {isa = PBXBuildFile; fileRef = 033FF01C28B624900093F709 /* LoginView.swift */; };
		033FF01F28B624910093F709 /* Assets.xcassets in Resources */ = {isa = PBXBuildFile; fileRef = 033FF01E28B624910093F709 /* Assets.xcassets */; };
		033FF02228B624910093F709 /* Preview Assets.xcassets in Resources */ = {isa = PBXBuildFile; fileRef = 033FF02128B624910093F709 /* Preview Assets.xcassets */; };
		033FF02C28B624920093F709 /* LoginTestTests.swift in Sources */ = {isa = PBXBuildFile; fileRef = 033FF02B28B624920093F709 /* LoginTestTests.swift */; };
		033FF03628B624920093F709 /* LoginTestUITests.swift in Sources */ = {isa = PBXBuildFile; fileRef = 033FF03528B624920093F709 /* LoginTestUITests.swift */; };
		033FF03828B624920093F709 /* LoginTestUITestsLaunchTests.swift in Sources */ = {isa = PBXBuildFile; fileRef = 033FF03728B624920093F709 /* LoginTestUITestsLaunchTests.swift */; };
		033FF04D28B7C32C0093F709 /* ConstantValuesModel.swift in Sources */ = {isa = PBXBuildFile; fileRef = 033FF04C28B7C32C0093F709 /* ConstantValuesModel.swift */; };
		033FF04F28B7C6C80093F709 /* CallAPIModel.swift in Sources */ = {isa = PBXBuildFile; fileRef = 033FF04E28B7C6C80093F709 /* CallAPIModel.swift */; };
		033FF05228B7DE990093F709 /* MainView.swift in Sources */ = {isa = PBXBuildFile; fileRef = 033FF05128B7DE990093F709 /* MainView.swift */; };
		033FF05628B932B50093F709 /* SubView.swift in Sources */ = {isa = PBXBuildFile; fileRef = 033FF05528B932B50093F709 /* SubView.swift */; };
		03C229F328BBBE2500BF7D10 /* SignUpView.swift in Sources */ = {isa = PBXBuildFile; fileRef = 03C229F228BBBE2500BF7D10 /* SignUpView.swift */; };
		03C229F528BBCA9D00BF7D10 /* CutomSecureFieldView.swift in Sources */ = {isa = PBXBuildFile; fileRef = 03C229F428BBCA9D00BF7D10 /* CutomSecureFieldView.swift */; };
		03C229FD28BD246F00BF7D10 /* Extension.swift in Sources */ = {isa = PBXBuildFile; fileRef = 03C229FC28BD246F00BF7D10 /* Extension.swift */; };
		03C229FF28BD3F7E00BF7D10 /* ActiveButton.swift in Sources */ = {isa = PBXBuildFile; fileRef = 03C229FE28BD3F7E00BF7D10 /* ActiveButton.swift */; };
		A5AFC60149409943566F4F44 /* Pods_LoginTest.framework in Frameworks */ = {isa = PBXBuildFile; fileRef = E4EF91D1D67B95ECE37B903B /* Pods_LoginTest.framework */; };
		C4EEA10707125238C7DB4CFF /* Pods_LoginTestTests.framework in Frameworks */ = {isa = PBXBuildFile; fileRef = 6E0323E0E95F5B947BF9DC6C /* Pods_LoginTestTests.framework */; };
		CC66847B0193268C261F4CA4 /* Pods_LoginTest_LoginTestUITests.framework in Frameworks */ = {isa = PBXBuildFile; fileRef = D64723F57ED6A8F5CE3D5FF9 /* Pods_LoginTest_LoginTestUITests.framework */; };
/* End PBXBuildFile section */

/* Begin PBXContainerItemProxy section */
		033FF02828B624920093F709 /* PBXContainerItemProxy */ = {
			isa = PBXContainerItemProxy;
			containerPortal = 033FF00F28B624900093F709 /* Project object */;
			proxyType = 1;
			remoteGlobalIDString = 033FF01628B624900093F709;
			remoteInfo = LoginTest;
		};
		033FF03228B624920093F709 /* PBXContainerItemProxy */ = {
			isa = PBXContainerItemProxy;
			containerPortal = 033FF00F28B624900093F709 /* Project object */;
			proxyType = 1;
			remoteGlobalIDString = 033FF01628B624900093F709;
			remoteInfo = LoginTest;
		};
/* End PBXContainerItemProxy section */

/* Begin PBXFileReference section */
		033FF01728B624900093F709 /* LoginTest.app */ = {isa = PBXFileReference; explicitFileType = wrapper.application; includeInIndex = 0; path = LoginTest.app; sourceTree = BUILT_PRODUCTS_DIR; };
		033FF01A28B624900093F709 /* LoginTestApp.swift */ = {isa = PBXFileReference; lastKnownFileType = sourcecode.swift; path = LoginTestApp.swift; sourceTree = "<group>"; };
		033FF01C28B624900093F709 /* LoginView.swift */ = {isa = PBXFileReference; lastKnownFileType = sourcecode.swift; path = LoginView.swift; sourceTree = "<group>"; };
		033FF01E28B624910093F709 /* Assets.xcassets */ = {isa = PBXFileReference; lastKnownFileType = folder.assetcatalog; path = Assets.xcassets; sourceTree = "<group>"; };
		033FF02128B624910093F709 /* Preview Assets.xcassets */ = {isa = PBXFileReference; lastKnownFileType = folder.assetcatalog; path = "Preview Assets.xcassets"; sourceTree = "<group>"; };
		033FF02728B624920093F709 /* LoginTestTests.xctest */ = {isa = PBXFileReference; explicitFileType = wrapper.cfbundle; includeInIndex = 0; path = LoginTestTests.xctest; sourceTree = BUILT_PRODUCTS_DIR; };
		033FF02B28B624920093F709 /* LoginTestTests.swift */ = {isa = PBXFileReference; lastKnownFileType = sourcecode.swift; path = LoginTestTests.swift; sourceTree = "<group>"; };
		033FF03128B624920093F709 /* LoginTestUITests.xctest */ = {isa = PBXFileReference; explicitFileType = wrapper.cfbundle; includeInIndex = 0; path = LoginTestUITests.xctest; sourceTree = BUILT_PRODUCTS_DIR; };
		033FF03528B624920093F709 /* LoginTestUITests.swift */ = {isa = PBXFileReference; lastKnownFileType = sourcecode.swift; path = LoginTestUITests.swift; sourceTree = "<group>"; };
		033FF03728B624920093F709 /* LoginTestUITestsLaunchTests.swift */ = {isa = PBXFileReference; lastKnownFileType = sourcecode.swift; path = LoginTestUITestsLaunchTests.swift; sourceTree = "<group>"; };
		033FF04C28B7C32C0093F709 /* ConstantValuesModel.swift */ = {isa = PBXFileReference; lastKnownFileType = sourcecode.swift; path = ConstantValuesModel.swift; sourceTree = "<group>"; };
		033FF04E28B7C6C80093F709 /* CallAPIModel.swift */ = {isa = PBXFileReference; lastKnownFileType = sourcecode.swift; path = CallAPIModel.swift; sourceTree = "<group>"; };
		033FF05028B7C96D0093F709 /* Info.plist */ = {isa = PBXFileReference; lastKnownFileType = text.plist; path = Info.plist; sourceTree = "<group>"; };
		033FF05128B7DE990093F709 /* MainView.swift */ = {isa = PBXFileReference; lastKnownFileType = sourcecode.swift; path = MainView.swift; sourceTree = "<group>"; };
		033FF05528B932B50093F709 /* SubView.swift */ = {isa = PBXFileReference; lastKnownFileType = sourcecode.swift; path = SubView.swift; sourceTree = "<group>"; };
		03C229F228BBBE2500BF7D10 /* SignUpView.swift */ = {isa = PBXFileReference; lastKnownFileType = sourcecode.swift; path = SignUpView.swift; sourceTree = "<group>"; };
		03C229F428BBCA9D00BF7D10 /* CutomSecureFieldView.swift */ = {isa = PBXFileReference; lastKnownFileType = sourcecode.swift; path = CutomSecureFieldView.swift; sourceTree = "<group>"; };
		03C229FC28BD246F00BF7D10 /* Extension.swift */ = {isa = PBXFileReference; lastKnownFileType = sourcecode.swift; path = Extension.swift; sourceTree = "<group>"; };
		03C229FE28BD3F7E00BF7D10 /* ActiveButton.swift */ = {isa = PBXFileReference; lastKnownFileType = sourcecode.swift; path = ActiveButton.swift; sourceTree = "<group>"; };
		209DDF3C6A6736050D875DC5 /* Pods-LoginTest.release.xcconfig */ = {isa = PBXFileReference; includeInIndex = 1; lastKnownFileType = text.xcconfig; name = "Pods-LoginTest.release.xcconfig"; path = "Target Support Files/Pods-LoginTest/Pods-LoginTest.release.xcconfig"; sourceTree = "<group>"; };
		23EC4B2C90BC2A1306CEBF73 /* Pods-LoginTestTests.release.xcconfig */ = {isa = PBXFileReference; includeInIndex = 1; lastKnownFileType = text.xcconfig; name = "Pods-LoginTestTests.release.xcconfig"; path = "Target Support Files/Pods-LoginTestTests/Pods-LoginTestTests.release.xcconfig"; sourceTree = "<group>"; };
		6E0323E0E95F5B947BF9DC6C /* Pods_LoginTestTests.framework */ = {isa = PBXFileReference; explicitFileType = wrapper.framework; includeInIndex = 0; path = Pods_LoginTestTests.framework; sourceTree = BUILT_PRODUCTS_DIR; };
		BA945075D071929A2F2F13AF /* Pods-LoginTestTests.debug.xcconfig */ = {isa = PBXFileReference; includeInIndex = 1; lastKnownFileType = text.xcconfig; name = "Pods-LoginTestTests.debug.xcconfig"; path = "Target Support Files/Pods-LoginTestTests/Pods-LoginTestTests.debug.xcconfig"; sourceTree = "<group>"; };
		D64723F57ED6A8F5CE3D5FF9 /* Pods_LoginTest_LoginTestUITests.framework */ = {isa = PBXFileReference; explicitFileType = wrapper.framework; includeInIndex = 0; path = Pods_LoginTest_LoginTestUITests.framework; sourceTree = BUILT_PRODUCTS_DIR; };
		DC3F33DD2706116E8FA83ED1 /* Pods-LoginTest-LoginTestUITests.debug.xcconfig */ = {isa = PBXFileReference; includeInIndex = 1; lastKnownFileType = text.xcconfig; name = "Pods-LoginTest-LoginTestUITests.debug.xcconfig"; path = "Target Support Files/Pods-LoginTest-LoginTestUITests/Pods-LoginTest-LoginTestUITests.debug.xcconfig"; sourceTree = "<group>"; };
		E4EF91D1D67B95ECE37B903B /* Pods_LoginTest.framework */ = {isa = PBXFileReference; explicitFileType = wrapper.framework; includeInIndex = 0; path = Pods_LoginTest.framework; sourceTree = BUILT_PRODUCTS_DIR; };
		F3872941D1600DC29095D75C /* Pods-LoginTest-LoginTestUITests.release.xcconfig */ = {isa = PBXFileReference; includeInIndex = 1; lastKnownFileType = text.xcconfig; name = "Pods-LoginTest-LoginTestUITests.release.xcconfig"; path = "Target Support Files/Pods-LoginTest-LoginTestUITests/Pods-LoginTest-LoginTestUITests.release.xcconfig"; sourceTree = "<group>"; };
		F68FD5C35E814225494DD4C3 /* Pods-LoginTest.debug.xcconfig */ = {isa = PBXFileReference; includeInIndex = 1; lastKnownFileType = text.xcconfig; name = "Pods-LoginTest.debug.xcconfig"; path = "Target Support Files/Pods-LoginTest/Pods-LoginTest.debug.xcconfig"; sourceTree = "<group>"; };
/* End PBXFileReference section */

/* Begin PBXFrameworksBuildPhase section */
		033FF01428B624900093F709 /* Frameworks */ = {
			isa = PBXFrameworksBuildPhase;
			buildActionMask = 2147483647;
			files = (
				A5AFC60149409943566F4F44 /* Pods_LoginTest.framework in Frameworks */,
			);
			runOnlyForDeploymentPostprocessing = 0;
		};
		033FF02428B624920093F709 /* Frameworks */ = {
			isa = PBXFrameworksBuildPhase;
			buildActionMask = 2147483647;
			files = (
				C4EEA10707125238C7DB4CFF /* Pods_LoginTestTests.framework in Frameworks */,
			);
			runOnlyForDeploymentPostprocessing = 0;
		};
		033FF02E28B624920093F709 /* Frameworks */ = {
			isa = PBXFrameworksBuildPhase;
			buildActionMask = 2147483647;
			files = (
				CC66847B0193268C261F4CA4 /* Pods_LoginTest_LoginTestUITests.framework in Frameworks */,
			);
			runOnlyForDeploymentPostprocessing = 0;
		};
/* End PBXFrameworksBuildPhase section */

/* Begin PBXGroup section */
		033FF00E28B624900093F709 = {
			isa = PBXGroup;
			children = (
				033FF01928B624900093F709 /* LoginTest */,
				033FF02A28B624920093F709 /* LoginTestTests */,
				033FF03428B624920093F709 /* LoginTestUITests */,
				033FF01828B624900093F709 /* Products */,
				5CD2DE8402899B15C9B93323 /* Pods */,
				F196E64FFBEF516844293B10 /* Frameworks */,
			);
			sourceTree = "<group>";
		};
		033FF01828B624900093F709 /* Products */ = {
			isa = PBXGroup;
			children = (
				033FF01728B624900093F709 /* LoginTest.app */,
				033FF02728B624920093F709 /* LoginTestTests.xctest */,
				033FF03128B624920093F709 /* LoginTestUITests.xctest */,
			);
			name = Products;
			sourceTree = "<group>";
		};
		033FF01928B624900093F709 /* LoginTest */ = {
			isa = PBXGroup;
			children = (
				033FF05028B7C96D0093F709 /* Info.plist */,
				033FF01A28B624900093F709 /* LoginTestApp.swift */,
				033FF01C28B624900093F709 /* LoginView.swift */,
				03C229F228BBBE2500BF7D10 /* SignUpView.swift */,
				033FF05128B7DE990093F709 /* MainView.swift */,
				033FF05528B932B50093F709 /* SubView.swift */,
				033FF01E28B624910093F709 /* Assets.xcassets */,
				033FF02028B624910093F709 /* Preview Content */,
				033FF04C28B7C32C0093F709 /* ConstantValuesModel.swift */,
				033FF04E28B7C6C80093F709 /* CallAPIModel.swift */,
				03C229F428BBCA9D00BF7D10 /* CutomSecureFieldView.swift */,
				03C229FC28BD246F00BF7D10 /* Extension.swift */,
				03C229FE28BD3F7E00BF7D10 /* ActiveButton.swift */,
			);
			path = LoginTest;
			sourceTree = "<group>";
		};
		033FF02028B624910093F709 /* Preview Content */ = {
			isa = PBXGroup;
			children = (
				033FF02128B624910093F709 /* Preview Assets.xcassets */,
			);
			path = "Preview Content";
			sourceTree = "<group>";
		};
		033FF02A28B624920093F709 /* LoginTestTests */ = {
			isa = PBXGroup;
			children = (
				033FF02B28B624920093F709 /* LoginTestTests.swift */,
			);
			path = LoginTestTests;
			sourceTree = "<group>";
		};
		033FF03428B624920093F709 /* LoginTestUITests */ = {
			isa = PBXGroup;
			children = (
				033FF03528B624920093F709 /* LoginTestUITests.swift */,
				033FF03728B624920093F709 /* LoginTestUITestsLaunchTests.swift */,
			);
			path = LoginTestUITests;
			sourceTree = "<group>";
		};
		5CD2DE8402899B15C9B93323 /* Pods */ = {
			isa = PBXGroup;
			children = (
				F68FD5C35E814225494DD4C3 /* Pods-LoginTest.debug.xcconfig */,
				209DDF3C6A6736050D875DC5 /* Pods-LoginTest.release.xcconfig */,
				DC3F33DD2706116E8FA83ED1 /* Pods-LoginTest-LoginTestUITests.debug.xcconfig */,
				F3872941D1600DC29095D75C /* Pods-LoginTest-LoginTestUITests.release.xcconfig */,
				BA945075D071929A2F2F13AF /* Pods-LoginTestTests.debug.xcconfig */,
				23EC4B2C90BC2A1306CEBF73 /* Pods-LoginTestTests.release.xcconfig */,
			);
			path = Pods;
			sourceTree = "<group>";
		};
		F196E64FFBEF516844293B10 /* Frameworks */ = {
			isa = PBXGroup;
			children = (
				E4EF91D1D67B95ECE37B903B /* Pods_LoginTest.framework */,
				D64723F57ED6A8F5CE3D5FF9 /* Pods_LoginTest_LoginTestUITests.framework */,
				6E0323E0E95F5B947BF9DC6C /* Pods_LoginTestTests.framework */,
			);
			name = Frameworks;
			sourceTree = "<group>";
		};
/* End PBXGroup section */

/* Begin PBXNativeTarget section */
		033FF01628B624900093F709 /* LoginTest */ = {
			isa = PBXNativeTarget;
			buildConfigurationList = 033FF03B28B624920093F709 /* Build configuration list for PBXNativeTarget "LoginTest" */;
			buildPhases = (
				EFB7B6EA28179F85A341C98C /* [CP] Check Pods Manifest.lock */,
				033FF01328B624900093F709 /* Sources */,
				033FF01428B624900093F709 /* Frameworks */,
				033FF01528B624900093F709 /* Resources */,
				F2EC00DD293925D408BF0678 /* [CP] Embed Pods Frameworks */,
			);
			buildRules = (
			);
			dependencies = (
			);
			name = LoginTest;
			productName = LoginTest;
			productReference = 033FF01728B624900093F709 /* LoginTest.app */;
			productType = "com.apple.product-type.application";
		};
		033FF02628B624920093F709 /* LoginTestTests */ = {
			isa = PBXNativeTarget;
			buildConfigurationList = 033FF03E28B624920093F709 /* Build configuration list for PBXNativeTarget "LoginTestTests" */;
			buildPhases = (
				1F066B34EBC18410F16B3974 /* [CP] Check Pods Manifest.lock */,
				033FF02328B624920093F709 /* Sources */,
				033FF02428B624920093F709 /* Frameworks */,
				033FF02528B624920093F709 /* Resources */,
			);
			buildRules = (
			);
			dependencies = (
				033FF02928B624920093F709 /* PBXTargetDependency */,
			);
			name = LoginTestTests;
			productName = LoginTestTests;
			productReference = 033FF02728B624920093F709 /* LoginTestTests.xctest */;
			productType = "com.apple.product-type.bundle.unit-test";
		};
		033FF03028B624920093F709 /* LoginTestUITests */ = {
			isa = PBXNativeTarget;
			buildConfigurationList = 033FF04128B624920093F709 /* Build configuration list for PBXNativeTarget "LoginTestUITests" */;
			buildPhases = (
				083150328CA499C8BDCE4CCC /* [CP] Check Pods Manifest.lock */,
				033FF02D28B624920093F709 /* Sources */,
				033FF02E28B624920093F709 /* Frameworks */,
				033FF02F28B624920093F709 /* Resources */,
				B4CF630A13D937083C13D9F2 /* [CP] Embed Pods Frameworks */,
			);
			buildRules = (
			);
			dependencies = (
				033FF03328B624920093F709 /* PBXTargetDependency */,
			);
			name = LoginTestUITests;
			productName = LoginTestUITests;
			productReference = 033FF03128B624920093F709 /* LoginTestUITests.xctest */;
			productType = "com.apple.product-type.bundle.ui-testing";
		};
/* End PBXNativeTarget section */

/* Begin PBXProject section */
		033FF00F28B624900093F709 /* Project object */ = {
			isa = PBXProject;
			attributes = {
				BuildIndependentTargetsInParallel = 1;
				LastSwiftUpdateCheck = 1340;
				LastUpgradeCheck = 1340;
				TargetAttributes = {
					033FF01628B624900093F709 = {
						CreatedOnToolsVersion = 13.4.1;
					};
					033FF02628B624920093F709 = {
						CreatedOnToolsVersion = 13.4.1;
						TestTargetID = 033FF01628B624900093F709;
					};
					033FF03028B624920093F709 = {
						CreatedOnToolsVersion = 13.4.1;
						TestTargetID = 033FF01628B624900093F709;
					};
				};
			};
			buildConfigurationList = 033FF01228B624900093F709 /* Build configuration list for PBXProject "LoginTest" */;
			compatibilityVersion = "Xcode 13.0";
			developmentRegion = en;
			hasScannedForEncodings = 0;
			knownRegions = (
				en,
				Base,
			);
			mainGroup = 033FF00E28B624900093F709;
			productRefGroup = 033FF01828B624900093F709 /* Products */;
			projectDirPath = "";
			projectRoot = "";
			targets = (
				033FF01628B624900093F709 /* LoginTest */,
				033FF02628B624920093F709 /* LoginTestTests */,
				033FF03028B624920093F709 /* LoginTestUITests */,
			);
		};
/* End PBXProject section */

/* Begin PBXResourcesBuildPhase section */
		033FF01528B624900093F709 /* Resources */ = {
			isa = PBXResourcesBuildPhase;
			buildActionMask = 2147483647;
			files = (
				033FF02228B624910093F709 /* Preview Assets.xcassets in Resources */,
				033FF01F28B624910093F709 /* Assets.xcassets in Resources */,
			);
			runOnlyForDeploymentPostprocessing = 0;
		};
		033FF02528B624920093F709 /* Resources */ = {
			isa = PBXResourcesBuildPhase;
			buildActionMask = 2147483647;
			files = (
			);
			runOnlyForDeploymentPostprocessing = 0;
		};
		033FF02F28B624920093F709 /* Resources */ = {
			isa = PBXResourcesBuildPhase;
			buildActionMask = 2147483647;
			files = (
			);
			runOnlyForDeploymentPostprocessing = 0;
		};
/* End PBXResourcesBuildPhase section */

/* Begin PBXShellScriptBuildPhase section */
		083150328CA499C8BDCE4CCC /* [CP] Check Pods Manifest.lock */ = {
			isa = PBXShellScriptBuildPhase;
			buildActionMask = 2147483647;
			files = (
			);
			inputFileListPaths = (
			);
			inputPaths = (
				"${PODS_PODFILE_DIR_PATH}/Podfile.lock",
				"${PODS_ROOT}/Manifest.lock",
			);
			name = "[CP] Check Pods Manifest.lock";
			outputFileListPaths = (
			);
			outputPaths = (
				"$(DERIVED_FILE_DIR)/Pods-LoginTest-LoginTestUITests-checkManifestLockResult.txt",
			);
			runOnlyForDeploymentPostprocessing = 0;
			shellPath = /bin/sh;
			shellScript = "diff \"${PODS_PODFILE_DIR_PATH}/Podfile.lock\" \"${PODS_ROOT}/Manifest.lock\" > /dev/null\nif [ $? != 0 ] ; then\n    # print error to STDERR\n    echo \"error: The sandbox is not in sync with the Podfile.lock. Run 'pod install' or update your CocoaPods installation.\" >&2\n    exit 1\nfi\n# This output is used by Xcode 'outputs' to avoid re-running this script phase.\necho \"SUCCESS\" > \"${SCRIPT_OUTPUT_FILE_0}\"\n";
			showEnvVarsInLog = 0;
		};
		1F066B34EBC18410F16B3974 /* [CP] Check Pods Manifest.lock */ = {
			isa = PBXShellScriptBuildPhase;
			buildActionMask = 2147483647;
			files = (
			);
			inputFileListPaths = (
			);
			inputPaths = (
				"${PODS_PODFILE_DIR_PATH}/Podfile.lock",
				"${PODS_ROOT}/Manifest.lock",
			);
			name = "[CP] Check Pods Manifest.lock";
			outputFileListPaths = (
			);
			outputPaths = (
				"$(DERIVED_FILE_DIR)/Pods-LoginTestTests-checkManifestLockResult.txt",
			);
			runOnlyForDeploymentPostprocessing = 0;
			shellPath = /bin/sh;
			shellScript = "diff \"${PODS_PODFILE_DIR_PATH}/Podfile.lock\" \"${PODS_ROOT}/Manifest.lock\" > /dev/null\nif [ $? != 0 ] ; then\n    # print error to STDERR\n    echo \"error: The sandbox is not in sync with the Podfile.lock. Run 'pod install' or update your CocoaPods installation.\" >&2\n    exit 1\nfi\n# This output is used by Xcode 'outputs' to avoid re-running this script phase.\necho \"SUCCESS\" > \"${SCRIPT_OUTPUT_FILE_0}\"\n";
			showEnvVarsInLog = 0;
		};
		B4CF630A13D937083C13D9F2 /* [CP] Embed Pods Frameworks */ = {
			isa = PBXShellScriptBuildPhase;
			buildActionMask = 2147483647;
			files = (
			);
			inputFileListPaths = (
				"${PODS_ROOT}/Target Support Files/Pods-LoginTest-LoginTestUITests/Pods-LoginTest-LoginTestUITests-frameworks-${CONFIGURATION}-input-files.xcfilelist",
			);
			name = "[CP] Embed Pods Frameworks";
			outputFileListPaths = (
				"${PODS_ROOT}/Target Support Files/Pods-LoginTest-LoginTestUITests/Pods-LoginTest-LoginTestUITests-frameworks-${CONFIGURATION}-output-files.xcfilelist",
			);
			runOnlyForDeploymentPostprocessing = 0;
			shellPath = /bin/sh;
			shellScript = "\"${PODS_ROOT}/Target Support Files/Pods-LoginTest-LoginTestUITests/Pods-LoginTest-LoginTestUITests-frameworks.sh\"\n";
			showEnvVarsInLog = 0;
		};
		EFB7B6EA28179F85A341C98C /* [CP] Check Pods Manifest.lock */ = {
			isa = PBXShellScriptBuildPhase;
			buildActionMask = 2147483647;
			files = (
			);
			inputFileListPaths = (
			);
			inputPaths = (
				"${PODS_PODFILE_DIR_PATH}/Podfile.lock",
				"${PODS_ROOT}/Manifest.lock",
			);
			name = "[CP] Check Pods Manifest.lock";
			outputFileListPaths = (
			);
			outputPaths = (
				"$(DERIVED_FILE_DIR)/Pods-LoginTest-checkManifestLockResult.txt",
			);
			runOnlyForDeploymentPostprocessing = 0;
			shellPath = /bin/sh;
			shellScript = "diff \"${PODS_PODFILE_DIR_PATH}/Podfile.lock\" \"${PODS_ROOT}/Manifest.lock\" > /dev/null\nif [ $? != 0 ] ; then\n    # print error to STDERR\n    echo \"error: The sandbox is not in sync with the Podfile.lock. Run 'pod install' or update your CocoaPods installation.\" >&2\n    exit 1\nfi\n# This output is used by Xcode 'outputs' to avoid re-running this script phase.\necho \"SUCCESS\" > \"${SCRIPT_OUTPUT_FILE_0}\"\n";
			showEnvVarsInLog = 0;
		};
		F2EC00DD293925D408BF0678 /* [CP] Embed Pods Frameworks */ = {
			isa = PBXShellScriptBuildPhase;
			buildActionMask = 2147483647;
			files = (
			);
			inputFileListPaths = (
				"${PODS_ROOT}/Target Support Files/Pods-LoginTest/Pods-LoginTest-frameworks-${CONFIGURATION}-input-files.xcfilelist",
			);
			name = "[CP] Embed Pods Frameworks";
			outputFileListPaths = (
				"${PODS_ROOT}/Target Support Files/Pods-LoginTest/Pods-LoginTest-frameworks-${CONFIGURATION}-output-files.xcfilelist",
			);
			runOnlyForDeploymentPostprocessing = 0;
			shellPath = /bin/sh;
			shellScript = "\"${PODS_ROOT}/Target Support Files/Pods-LoginTest/Pods-LoginTest-frameworks.sh\"\n";
			showEnvVarsInLog = 0;
		};
/* End PBXShellScriptBuildPhase section */

/* Begin PBXSourcesBuildPhase section */
		033FF01328B624900093F709 /* Sources */ = {
			isa = PBXSourcesBuildPhase;
			buildActionMask = 2147483647;
			files = (
				03C229FF28BD3F7E00BF7D10 /* ActiveButton.swift in Sources */,
				033FF04F28B7C6C80093F709 /* CallAPIModel.swift in Sources */,
				033FF01D28B624900093F709 /* LoginView.swift in Sources */,
				033FF04D28B7C32C0093F709 /* ConstantValuesModel.swift in Sources */,
				03C229F528BBCA9D00BF7D10 /* CutomSecureFieldView.swift in Sources */,
				03C229F328BBBE2500BF7D10 /* SignUpView.swift in Sources */,
				03C229FD28BD246F00BF7D10 /* Extension.swift in Sources */,
				033FF05228B7DE990093F709 /* MainView.swift in Sources */,
				033FF05628B932B50093F709 /* SubView.swift in Sources */,
				033FF01B28B624900093F709 /* LoginTestApp.swift in Sources */,
			);
			runOnlyForDeploymentPostprocessing = 0;
		};
		033FF02328B624920093F709 /* Sources */ = {
			isa = PBXSourcesBuildPhase;
			buildActionMask = 2147483647;
			files = (
				033FF02C28B624920093F709 /* LoginTestTests.swift in Sources */,
			);
			runOnlyForDeploymentPostprocessing = 0;
		};
		033FF02D28B624920093F709 /* Sources */ = {
			isa = PBXSourcesBuildPhase;
			buildActionMask = 2147483647;
			files = (
				033FF03828B624920093F709 /* LoginTestUITestsLaunchTests.swift in Sources */,
				033FF03628B624920093F709 /* LoginTestUITests.swift in Sources */,
			);
			runOnlyForDeploymentPostprocessing = 0;
		};
/* End PBXSourcesBuildPhase section */

/* Begin PBXTargetDependency section */
		033FF02928B624920093F709 /* PBXTargetDependency */ = {
			isa = PBXTargetDependency;
			target = 033FF01628B624900093F709 /* LoginTest */;
			targetProxy = 033FF02828B624920093F709 /* PBXContainerItemProxy */;
		};
		033FF03328B624920093F709 /* PBXTargetDependency */ = {
			isa = PBXTargetDependency;
			target = 033FF01628B624900093F709 /* LoginTest */;
			targetProxy = 033FF03228B624920093F709 /* PBXContainerItemProxy */;
		};
/* End PBXTargetDependency section */

/* Begin XCBuildConfiguration section */
		033FF03928B624920093F709 /* Debug */ = {
			isa = XCBuildConfiguration;
			buildSettings = {
				ALWAYS_SEARCH_USER_PATHS = NO;
				CLANG_ANALYZER_NONNULL = YES;
				CLANG_ANALYZER_NUMBER_OBJECT_CONVERSION = YES_AGGRESSIVE;
				CLANG_CXX_LANGUAGE_STANDARD = "gnu++17";
				CLANG_ENABLE_MODULES = YES;
				CLANG_ENABLE_OBJC_ARC = YES;
				CLANG_ENABLE_OBJC_WEAK = YES;
				CLANG_WARN_BLOCK_CAPTURE_AUTORELEASING = YES;
				CLANG_WARN_BOOL_CONVERSION = YES;
				CLANG_WARN_COMMA = YES;
				CLANG_WARN_CONSTANT_CONVERSION = YES;
				CLANG_WARN_DEPRECATED_OBJC_IMPLEMENTATIONS = YES;
				CLANG_WARN_DIRECT_OBJC_ISA_USAGE = YES_ERROR;
				CLANG_WARN_DOCUMENTATION_COMMENTS = YES;
				CLANG_WARN_EMPTY_BODY = YES;
				CLANG_WARN_ENUM_CONVERSION = YES;
				CLANG_WARN_INFINITE_RECURSION = YES;
				CLANG_WARN_INT_CONVERSION = YES;
				CLANG_WARN_NON_LITERAL_NULL_CONVERSION = YES;
				CLANG_WARN_OBJC_IMPLICIT_RETAIN_SELF = YES;
				CLANG_WARN_OBJC_LITERAL_CONVERSION = YES;
				CLANG_WARN_OBJC_ROOT_CLASS = YES_ERROR;
				CLANG_WARN_QUOTED_INCLUDE_IN_FRAMEWORK_HEADER = YES;
				CLANG_WARN_RANGE_LOOP_ANALYSIS = YES;
				CLANG_WARN_STRICT_PROTOTYPES = YES;
				CLANG_WARN_SUSPICIOUS_MOVE = YES;
				CLANG_WARN_UNGUARDED_AVAILABILITY = YES_AGGRESSIVE;
				CLANG_WARN_UNREACHABLE_CODE = YES;
				CLANG_WARN__DUPLICATE_METHOD_MATCH = YES;
				COPY_PHASE_STRIP = NO;
				DEBUG_INFORMATION_FORMAT = dwarf;
				ENABLE_STRICT_OBJC_MSGSEND = YES;
				ENABLE_TESTABILITY = YES;
				GCC_C_LANGUAGE_STANDARD = gnu11;
				GCC_DYNAMIC_NO_PIC = NO;
				GCC_NO_COMMON_BLOCKS = YES;
				GCC_OPTIMIZATION_LEVEL = 0;
				GCC_PREPROCESSOR_DEFINITIONS = (
					"DEBUG=1",
					"$(inherited)",
				);
				GCC_WARN_64_TO_32_BIT_CONVERSION = YES;
				GCC_WARN_ABOUT_RETURN_TYPE = YES_ERROR;
				GCC_WARN_UNDECLARED_SELECTOR = YES;
				GCC_WARN_UNINITIALIZED_AUTOS = YES_AGGRESSIVE;
				GCC_WARN_UNUSED_FUNCTION = YES;
				GCC_WARN_UNUSED_VARIABLE = YES;
				IPHONEOS_DEPLOYMENT_TARGET = 15.5;
				MTL_ENABLE_DEBUG_INFO = INCLUDE_SOURCE;
				MTL_FAST_MATH = YES;
				ONLY_ACTIVE_ARCH = YES;
				SDKROOT = iphoneos;
				SWIFT_ACTIVE_COMPILATION_CONDITIONS = DEBUG;
				SWIFT_OPTIMIZATION_LEVEL = "-Onone";
			};
			name = Debug;
		};
		033FF03A28B624920093F709 /* Release */ = {
			isa = XCBuildConfiguration;
			buildSettings = {
				ALWAYS_SEARCH_USER_PATHS = NO;
				CLANG_ANALYZER_NONNULL = YES;
				CLANG_ANALYZER_NUMBER_OBJECT_CONVERSION = YES_AGGRESSIVE;
				CLANG_CXX_LANGUAGE_STANDARD = "gnu++17";
				CLANG_ENABLE_MODULES = YES;
				CLANG_ENABLE_OBJC_ARC = YES;
				CLANG_ENABLE_OBJC_WEAK = YES;
				CLANG_WARN_BLOCK_CAPTURE_AUTORELEASING = YES;
				CLANG_WARN_BOOL_CONVERSION = YES;
				CLANG_WARN_COMMA = YES;
				CLANG_WARN_CONSTANT_CONVERSION = YES;
				CLANG_WARN_DEPRECATED_OBJC_IMPLEMENTATIONS = YES;
				CLANG_WARN_DIRECT_OBJC_ISA_USAGE = YES_ERROR;
				CLANG_WARN_DOCUMENTATION_COMMENTS = YES;
				CLANG_WARN_EMPTY_BODY = YES;
				CLANG_WARN_ENUM_CONVERSION = YES;
				CLANG_WARN_INFINITE_RECURSION = YES;
				CLANG_WARN_INT_CONVERSION = YES;
				CLANG_WARN_NON_LITERAL_NULL_CONVERSION = YES;
				CLANG_WARN_OBJC_IMPLICIT_RETAIN_SELF = YES;
				CLANG_WARN_OBJC_LITERAL_CONVERSION = YES;
				CLANG_WARN_OBJC_ROOT_CLASS = YES_ERROR;
				CLANG_WARN_QUOTED_INCLUDE_IN_FRAMEWORK_HEADER = YES;
				CLANG_WARN_RANGE_LOOP_ANALYSIS = YES;
				CLANG_WARN_STRICT_PROTOTYPES = YES;
				CLANG_WARN_SUSPICIOUS_MOVE = YES;
				CLANG_WARN_UNGUARDED_AVAILABILITY = YES_AGGRESSIVE;
				CLANG_WARN_UNREACHABLE_CODE = YES;
				CLANG_WARN__DUPLICATE_METHOD_MATCH = YES;
				COPY_PHASE_STRIP = NO;
				DEBUG_INFORMATION_FORMAT = "dwarf-with-dsym";
				ENABLE_NS_ASSERTIONS = NO;
				ENABLE_STRICT_OBJC_MSGSEND = YES;
				GCC_C_LANGUAGE_STANDARD = gnu11;
				GCC_NO_COMMON_BLOCKS = YES;
				GCC_WARN_64_TO_32_BIT_CONVERSION = YES;
				GCC_WARN_ABOUT_RETURN_TYPE = YES_ERROR;
				GCC_WARN_UNDECLARED_SELECTOR = YES;
				GCC_WARN_UNINITIALIZED_AUTOS = YES_AGGRESSIVE;
				GCC_WARN_UNUSED_FUNCTION = YES;
				GCC_WARN_UNUSED_VARIABLE = YES;
				IPHONEOS_DEPLOYMENT_TARGET = 15.5;
				MTL_ENABLE_DEBUG_INFO = NO;
				MTL_FAST_MATH = YES;
				SDKROOT = iphoneos;
				SWIFT_COMPILATION_MODE = wholemodule;
				SWIFT_OPTIMIZATION_LEVEL = "-O";
				VALIDATE_PRODUCT = YES;
			};
			name = Release;
		};
		033FF03C28B624920093F709 /* Debug */ = {
			isa = XCBuildConfiguration;
			baseConfigurationReference = F68FD5C35E814225494DD4C3 /* Pods-LoginTest.debug.xcconfig */;
			buildSettings = {
				ASSETCATALOG_COMPILER_APPICON_NAME = AppIcon;
				ASSETCATALOG_COMPILER_GLOBAL_ACCENT_COLOR_NAME = AccentColor;
				CODE_SIGN_STYLE = Automatic;
				CURRENT_PROJECT_VERSION = 1;
				DEVELOPMENT_ASSET_PATHS = "\"LoginTest/Preview Content\"";
				DEVELOPMENT_TEAM = D92QVWG5E4;
				ENABLE_PREVIEWS = YES;
				GENERATE_INFOPLIST_FILE = YES;
				INFOPLIST_FILE = LoginTest/Info.plist;
				INFOPLIST_KEY_UIApplicationSceneManifest_Generation = YES;
				INFOPLIST_KEY_UIApplicationSupportsIndirectInputEvents = YES;
				INFOPLIST_KEY_UILaunchScreen_Generation = YES;
				INFOPLIST_KEY_UISupportedInterfaceOrientations_iPad = "UIInterfaceOrientationPortrait UIInterfaceOrientationPortraitUpsideDown UIInterfaceOrientationLandscapeLeft UIInterfaceOrientationLandscapeRight";
				INFOPLIST_KEY_UISupportedInterfaceOrientations_iPhone = "UIInterfaceOrientationPortrait UIInterfaceOrientationLandscapeLeft UIInterfaceOrientationLandscapeRight";
				LD_RUNPATH_SEARCH_PATHS = (
					"$(inherited)",
					"@executable_path/Frameworks",
				);
				MARKETING_VERSION = 1.0;
				PRODUCT_BUNDLE_IDENTIFIER = com.yutaYamamoto1123.LoginTest;
				PRODUCT_NAME = "$(TARGET_NAME)";
				SWIFT_EMIT_LOC_STRINGS = YES;
				SWIFT_VERSION = 5.0;
				TARGETED_DEVICE_FAMILY = "1,2";
			};
			name = Debug;
		};
		033FF03D28B624920093F709 /* Release */ = {
			isa = XCBuildConfiguration;
			baseConfigurationReference = 209DDF3C6A6736050D875DC5 /* Pods-LoginTest.release.xcconfig */;
			buildSettings = {
				ASSETCATALOG_COMPILER_APPICON_NAME = AppIcon;
				ASSETCATALOG_COMPILER_GLOBAL_ACCENT_COLOR_NAME = AccentColor;
				CODE_SIGN_STYLE = Automatic;
				CURRENT_PROJECT_VERSION = 1;
				DEVELOPMENT_ASSET_PATHS = "\"LoginTest/Preview Content\"";
				DEVELOPMENT_TEAM = D92QVWG5E4;
				ENABLE_PREVIEWS = YES;
				GENERATE_INFOPLIST_FILE = YES;
				INFOPLIST_FILE = LoginTest/Info.plist;
				INFOPLIST_KEY_UIApplicationSceneManifest_Generation = YES;
				INFOPLIST_KEY_UIApplicationSupportsIndirectInputEvents = YES;
				INFOPLIST_KEY_UILaunchScreen_Generation = YES;
				INFOPLIST_KEY_UISupportedInterfaceOrientations_iPad = "UIInterfaceOrientationPortrait UIInterfaceOrientationPortraitUpsideDown UIInterfaceOrientationLandscapeLeft UIInterfaceOrientationLandscapeRight";
				INFOPLIST_KEY_UISupportedInterfaceOrientations_iPhone = "UIInterfaceOrientationPortrait UIInterfaceOrientationLandscapeLeft UIInterfaceOrientationLandscapeRight";
				LD_RUNPATH_SEARCH_PATHS = (
					"$(inherited)",
					"@executable_path/Frameworks",
				);
				MARKETING_VERSION = 1.0;
				PRODUCT_BUNDLE_IDENTIFIER = com.yutaYamamoto1123.LoginTest;
				PRODUCT_NAME = "$(TARGET_NAME)";
				SWIFT_EMIT_LOC_STRINGS = YES;
				SWIFT_VERSION = 5.0;
				TARGETED_DEVICE_FAMILY = "1,2";
			};
			name = Release;
		};
		033FF03F28B624920093F709 /* Debug */ = {
			isa = XCBuildConfiguration;
			baseConfigurationReference = BA945075D071929A2F2F13AF /* Pods-LoginTestTests.debug.xcconfig */;
			buildSettings = {
				ALWAYS_EMBED_SWIFT_STANDARD_LIBRARIES = YES;
				BUNDLE_LOADER = "$(TEST_HOST)";
				CODE_SIGN_STYLE = Automatic;
				CURRENT_PROJECT_VERSION = 1;
				DEVELOPMENT_TEAM = D92QVWG5E4;
				GENERATE_INFOPLIST_FILE = YES;
				IPHONEOS_DEPLOYMENT_TARGET = 15.5;
				MARKETING_VERSION = 1.0;
				PRODUCT_BUNDLE_IDENTIFIER = com.yutaYamamoto1123.LoginTestTests;
				PRODUCT_NAME = "$(TARGET_NAME)";
				SWIFT_EMIT_LOC_STRINGS = NO;
				SWIFT_VERSION = 5.0;
				TARGETED_DEVICE_FAMILY = "1,2";
				TEST_HOST = "$(BUILT_PRODUCTS_DIR)/LoginTest.app/LoginTest";
			};
			name = Debug;
		};
		033FF04028B624920093F709 /* Release */ = {
			isa = XCBuildConfiguration;
			baseConfigurationReference = 23EC4B2C90BC2A1306CEBF73 /* Pods-LoginTestTests.release.xcconfig */;
			buildSettings = {
				ALWAYS_EMBED_SWIFT_STANDARD_LIBRARIES = YES;
				BUNDLE_LOADER = "$(TEST_HOST)";
				CODE_SIGN_STYLE = Automatic;
				CURRENT_PROJECT_VERSION = 1;
				DEVELOPMENT_TEAM = D92QVWG5E4;
				GENERATE_INFOPLIST_FILE = YES;
				IPHONEOS_DEPLOYMENT_TARGET = 15.5;
				MARKETING_VERSION = 1.0;
				PRODUCT_BUNDLE_IDENTIFIER = com.yutaYamamoto1123.LoginTestTests;
				PRODUCT_NAME = "$(TARGET_NAME)";
				SWIFT_EMIT_LOC_STRINGS = NO;
				SWIFT_VERSION = 5.0;
				TARGETED_DEVICE_FAMILY = "1,2";
				TEST_HOST = "$(BUILT_PRODUCTS_DIR)/LoginTest.app/LoginTest";
			};
			name = Release;
		};
		033FF04228B624920093F709 /* Debug */ = {
			isa = XCBuildConfiguration;
			baseConfigurationReference = DC3F33DD2706116E8FA83ED1 /* Pods-LoginTest-LoginTestUITests.debug.xcconfig */;
			buildSettings = {
				ALWAYS_EMBED_SWIFT_STANDARD_LIBRARIES = YES;
				CODE_SIGN_STYLE = Automatic;
				CURRENT_PROJECT_VERSION = 1;
				DEVELOPMENT_TEAM = D92QVWG5E4;
				GENERATE_INFOPLIST_FILE = YES;
				MARKETING_VERSION = 1.0;
				PRODUCT_BUNDLE_IDENTIFIER = com.yutaYamamoto1123.LoginTestUITests;
				PRODUCT_NAME = "$(TARGET_NAME)";
				SWIFT_EMIT_LOC_STRINGS = NO;
				SWIFT_VERSION = 5.0;
				TARGETED_DEVICE_FAMILY = "1,2";
				TEST_TARGET_NAME = LoginTest;
			};
			name = Debug;
		};
		033FF04328B624920093F709 /* Release */ = {
			isa = XCBuildConfiguration;
			baseConfigurationReference = F3872941D1600DC29095D75C /* Pods-LoginTest-LoginTestUITests.release.xcconfig */;
			buildSettings = {
				ALWAYS_EMBED_SWIFT_STANDARD_LIBRARIES = YES;
				CODE_SIGN_STYLE = Automatic;
				CURRENT_PROJECT_VERSION = 1;
				DEVELOPMENT_TEAM = D92QVWG5E4;
				GENERATE_INFOPLIST_FILE = YES;
				MARKETING_VERSION = 1.0;
				PRODUCT_BUNDLE_IDENTIFIER = com.yutaYamamoto1123.LoginTestUITests;
				PRODUCT_NAME = "$(TARGET_NAME)";
				SWIFT_EMIT_LOC_STRINGS = NO;
				SWIFT_VERSION = 5.0;
				TARGETED_DEVICE_FAMILY = "1,2";
				TEST_TARGET_NAME = LoginTest;
			};
			name = Release;
		};
/* End XCBuildConfiguration section */

/* Begin XCConfigurationList section */
		033FF01228B624900093F709 /* Build configuration list for PBXProject "LoginTest" */ = {
			isa = XCConfigurationList;
			buildConfigurations = (
				033FF03928B624920093F709 /* Debug */,
				033FF03A28B624920093F709 /* Release */,
			);
			defaultConfigurationIsVisible = 0;
			defaultConfigurationName = Release;
		};
		033FF03B28B624920093F709 /* Build configuration list for PBXNativeTarget "LoginTest" */ = {
			isa = XCConfigurationList;
			buildConfigurations = (
				033FF03C28B624920093F709 /* Debug */,
				033FF03D28B624920093F709 /* Release */,
			);
			defaultConfigurationIsVisible = 0;
			defaultConfigurationName = Release;
		};
		033FF03E28B624920093F709 /* Build configuration list for PBXNativeTarget "LoginTestTests" */ = {
			isa = XCConfigurationList;
			buildConfigurations = (
				033FF03F28B624920093F709 /* Debug */,
				033FF04028B624920093F709 /* Release */,
			);
			defaultConfigurationIsVisible = 0;
			defaultConfigurationName = Release;
		};
		033FF04128B624920093F709 /* Build configuration list for PBXNativeTarget "LoginTestUITests" */ = {
			isa = XCConfigurationList;
			buildConfigurations = (
				033FF04228B624920093F709 /* Debug */,
				033FF04328B624920093F709 /* Release */,
			);
			defaultConfigurationIsVisible = 0;
			defaultConfigurationName = Release;
		};
/* End XCConfigurationList section */
	};
	rootObject = 033FF00F28B624900093F709 /* Project object */;
}
